
Microsoft Visual Studio Solution File, Format Version 11.00
# Visual Studio 2010
Project("{FAE04EC0-301F-11D3-BF4B-00C04F79EFBC}") = "Assembly-CSharp", "Assembly-CSharp.csproj", "{9612e2ee-2b91-ed6f-1cfe-deddfed76ed0}"
EndProject
Project("{FAE04EC0-301F-11D3-BF4B-00C04F79EFBC}") = "Assembly-CSharp-Editor", "Assembly-CSharp-Editor.csproj", "{9d2ccc08-23c0-70e0-6d28-f91de5f65a93}"
EndProject
Global
	GlobalSection(SolutionConfigurationPlatforms) = preSolution
		Debug|Any CPU = Debug|Any CPU
	EndGlobalSection
	GlobalSection(ProjectConfigurationPlatforms) = postSolution
		{9612e2ee-2b91-ed6f-1cfe-deddfed76ed0}.Debug|Any CPU.ActiveCfg = Debug|Any CPU
		{9612e2ee-2b91-ed6f-1cfe-deddfed76ed0}.Debug|Any CPU.Build.0 = Debug|Any CPU
		{9d2ccc08-23c0-70e0-6d28-f91de5f65a93}.Debug|Any CPU.ActiveCfg = Debug|Any CPU
		{9d2ccc08-23c0-70e0-6d28-f91de5f65a93}.Debug|Any CPU.Build.0 = Debug|Any CPU
	EndGlobalSection
	GlobalSection(SolutionProperties) = preSolution
		HideSolutionNode = FALSE
	EndGlobalSection
EndGlobal
